// !$*UTF8*$!
{
	archiveVersion = 1;
	classes = {
	};
	objectVersion = 51;
	objects = {

/* Begin PBXBuildFile section */
		200BD5E124A2651B003500A0 /* HeroHqModel.swift in Sources */ = {isa = PBXBuildFile; fileRef = 200BD5E024A2651B003500A0 /* HeroHqModel.swift */; };
		200BD5E424A26DA7003500A0 /* Alert.swift in Sources */ = {isa = PBXBuildFile; fileRef = 200BD5E324A26DA7003500A0 /* Alert.swift */; };
		200BD5E624A39F36003500A0 /* Loading.swift.swift in Sources */ = {isa = PBXBuildFile; fileRef = 200BD5E524A39F36003500A0 /* Loading.swift.swift */; };
		200BD5EC24A3F7A0003500A0 /* HeroesService.swift in Sources */ = {isa = PBXBuildFile; fileRef = 200BD5EB24A3F7A0003500A0 /* HeroesService.swift */; };
		200BD5F324A41E05003500A0 /* Endpoint.swift in Sources */ = {isa = PBXBuildFile; fileRef = 200BD5F224A41E05003500A0 /* Endpoint.swift */; };
		200BD5F524A424D3003500A0 /* MD5.swift in Sources */ = {isa = PBXBuildFile; fileRef = 200BD5F424A424D3003500A0 /* MD5.swift */; };
		200BD5F724A53205003500A0 /* HeroesResponseModel.swift in Sources */ = {isa = PBXBuildFile; fileRef = 200BD5F624A53205003500A0 /* HeroesResponseModel.swift */; };
		20EC3C93249D585A00436BCA /* AppDelegate.swift in Sources */ = {isa = PBXBuildFile; fileRef = 20EC3C92249D585A00436BCA /* AppDelegate.swift */; };
		20EC3C9C249D585C00436BCA /* Assets.xcassets in Resources */ = {isa = PBXBuildFile; fileRef = 20EC3C9B249D585C00436BCA /* Assets.xcassets */; };
		20EC3CAD249D5ACD00436BCA /* HeroesViewController.swift in Sources */ = {isa = PBXBuildFile; fileRef = 20EC3CAB249D5ACD00436BCA /* HeroesViewController.swift */; };
		20EC3CAE249D5ACD00436BCA /* HeroesViewController.xib in Resources */ = {isa = PBXBuildFile; fileRef = 20EC3CAC249D5ACD00436BCA /* HeroesViewController.xib */; };
		20EC3CB0249D5F8D00436BCA /* Launch Screen.storyboard in Resources */ = {isa = PBXBuildFile; fileRef = 20EC3CAF249D5F8D00436BCA /* Launch Screen.storyboard */; };
		20EC3CB2249D63F700436BCA /* HeroesViewModel.swift in Sources */ = {isa = PBXBuildFile; fileRef = 20EC3CB1249D63F700436BCA /* HeroesViewModel.swift */; };
		20EC3CB6249D641200436BCA /* HeroHqViewModel.swift in Sources */ = {isa = PBXBuildFile; fileRef = 20EC3CB5249D641200436BCA /* HeroHqViewModel.swift */; };
		20EC3CB9249D642000436BCA /* HeroHqViewController.swift in Sources */ = {isa = PBXBuildFile; fileRef = 20EC3CB7249D642000436BCA /* HeroHqViewController.swift */; };
		20EC3CBA249D642000436BCA /* HeroHqViewController.xib in Resources */ = {isa = PBXBuildFile; fileRef = 20EC3CB8249D642000436BCA /* HeroHqViewController.xib */; };
		20EC3CBD249D642C00436BCA /* HeroDetailViewController.swift in Sources */ = {isa = PBXBuildFile; fileRef = 20EC3CBB249D642C00436BCA /* HeroDetailViewController.swift */; };
		20EC3CBE249D642C00436BCA /* HeroDetailViewController.xib in Resources */ = {isa = PBXBuildFile; fileRef = 20EC3CBC249D642C00436BCA /* HeroDetailViewController.xib */; };
		20EC3CC1249D648300436BCA /* Constants.swift in Sources */ = {isa = PBXBuildFile; fileRef = 20EC3CC0249D648300436BCA /* Constants.swift */; };
		20EC3CC324A0F22300436BCA /* AppCoordinator.swift in Sources */ = {isa = PBXBuildFile; fileRef = 20EC3CC224A0F22300436BCA /* AppCoordinator.swift */; };
		20EC3CC724A0F83000436BCA /* HeroesTableViewCell.swift in Sources */ = {isa = PBXBuildFile; fileRef = 20EC3CC524A0F83000436BCA /* HeroesTableViewCell.swift */; };
		20EC3CC824A0F83000436BCA /* HeroesTableViewCell.xib in Resources */ = {isa = PBXBuildFile; fileRef = 20EC3CC624A0F83000436BCA /* HeroesTableViewCell.xib */; };
		20EC3CCD24A1016800436BCA /* HeroesModel.swift in Sources */ = {isa = PBXBuildFile; fileRef = 20EC3CCC24A1016800436BCA /* HeroesModel.swift */; };
/* End PBXBuildFile section */

/* Begin PBXFileReference section */
		200BD5E024A2651B003500A0 /* HeroHqModel.swift */ = {isa = PBXFileReference; lastKnownFileType = sourcecode.swift; path = HeroHqModel.swift; sourceTree = "<group>"; };
		200BD5E324A26DA7003500A0 /* Alert.swift */ = {isa = PBXFileReference; lastKnownFileType = sourcecode.swift; path = Alert.swift; sourceTree = "<group>"; };
		200BD5E524A39F36003500A0 /* Loading.swift.swift */ = {isa = PBXFileReference; lastKnownFileType = sourcecode.swift; path = Loading.swift.swift; sourceTree = "<group>"; };
		200BD5EB24A3F7A0003500A0 /* HeroesService.swift */ = {isa = PBXFileReference; lastKnownFileType = sourcecode.swift; path = HeroesService.swift; sourceTree = "<group>"; };
		200BD5F224A41E05003500A0 /* Endpoint.swift */ = {isa = PBXFileReference; lastKnownFileType = sourcecode.swift; path = Endpoint.swift; sourceTree = "<group>"; };
		200BD5F424A424D3003500A0 /* MD5.swift */ = {isa = PBXFileReference; lastKnownFileType = sourcecode.swift; path = MD5.swift; sourceTree = "<group>"; };
		200BD5F624A53205003500A0 /* HeroesResponseModel.swift */ = {isa = PBXFileReference; lastKnownFileType = sourcecode.swift; path = HeroesResponseModel.swift; sourceTree = "<group>"; };
		20EC3C8F249D585A00436BCA /* desafio-ios-matheus-frança.app */ = {isa = PBXFileReference; explicitFileType = wrapper.application; includeInIndex = 0; path = "desafio-ios-matheus-frança.app"; sourceTree = BUILT_PRODUCTS_DIR; };
		20EC3C92249D585A00436BCA /* AppDelegate.swift */ = {isa = PBXFileReference; lastKnownFileType = sourcecode.swift; path = AppDelegate.swift; sourceTree = "<group>"; };
		20EC3C9B249D585C00436BCA /* Assets.xcassets */ = {isa = PBXFileReference; lastKnownFileType = folder.assetcatalog; path = Assets.xcassets; sourceTree = "<group>"; };
		20EC3CA0249D585C00436BCA /* Info.plist */ = {isa = PBXFileReference; lastKnownFileType = text.plist.xml; path = Info.plist; sourceTree = "<group>"; };
		20EC3CAB249D5ACD00436BCA /* HeroesViewController.swift */ = {isa = PBXFileReference; lastKnownFileType = sourcecode.swift; name = HeroesViewController.swift; path = ../../HeroesViewController.swift; sourceTree = "<group>"; };
		20EC3CAC249D5ACD00436BCA /* HeroesViewController.xib */ = {isa = PBXFileReference; lastKnownFileType = file.xib; name = HeroesViewController.xib; path = ../../HeroesViewController.xib; sourceTree = "<group>"; };
		20EC3CAF249D5F8D00436BCA /* Launch Screen.storyboard */ = {isa = PBXFileReference; lastKnownFileType = file.storyboard; path = "Launch Screen.storyboard"; sourceTree = "<group>"; };
		20EC3CB1249D63F700436BCA /* HeroesViewModel.swift */ = {isa = PBXFileReference; lastKnownFileType = sourcecode.swift; path = HeroesViewModel.swift; sourceTree = "<group>"; };
		20EC3CB5249D641200436BCA /* HeroHqViewModel.swift */ = {isa = PBXFileReference; lastKnownFileType = sourcecode.swift; path = HeroHqViewModel.swift; sourceTree = "<group>"; };
		20EC3CB7249D642000436BCA /* HeroHqViewController.swift */ = {isa = PBXFileReference; lastKnownFileType = sourcecode.swift; path = HeroHqViewController.swift; sourceTree = "<group>"; };
		20EC3CB8249D642000436BCA /* HeroHqViewController.xib */ = {isa = PBXFileReference; lastKnownFileType = file.xib; path = HeroHqViewController.xib; sourceTree = "<group>"; };
		20EC3CBB249D642C00436BCA /* HeroDetailViewController.swift */ = {isa = PBXFileReference; lastKnownFileType = sourcecode.swift; path = HeroDetailViewController.swift; sourceTree = "<group>"; };
		20EC3CBC249D642C00436BCA /* HeroDetailViewController.xib */ = {isa = PBXFileReference; lastKnownFileType = file.xib; path = HeroDetailViewController.xib; sourceTree = "<group>"; };
		20EC3CC0249D648300436BCA /* Constants.swift */ = {isa = PBXFileReference; lastKnownFileType = sourcecode.swift; path = Constants.swift; sourceTree = "<group>"; };
		20EC3CC224A0F22300436BCA /* AppCoordinator.swift */ = {isa = PBXFileReference; lastKnownFileType = sourcecode.swift; path = AppCoordinator.swift; sourceTree = "<group>"; };
		20EC3CC524A0F83000436BCA /* HeroesTableViewCell.swift */ = {isa = PBXFileReference; lastKnownFileType = sourcecode.swift; path = HeroesTableViewCell.swift; sourceTree = "<group>"; };
		20EC3CC624A0F83000436BCA /* HeroesTableViewCell.xib */ = {isa = PBXFileReference; lastKnownFileType = file.xib; path = HeroesTableViewCell.xib; sourceTree = "<group>"; };
		20EC3CCC24A1016800436BCA /* HeroesModel.swift */ = {isa = PBXFileReference; lastKnownFileType = sourcecode.swift; path = HeroesModel.swift; sourceTree = "<group>"; };
		41577290A6D51D16DCBDD372 /* Pods_desafio_ios_matheus_franc_a.framework */ = {isa = PBXFileReference; explicitFileType = wrapper.framework; includeInIndex = 0; path = Pods_desafio_ios_matheus_franc_a.framework; sourceTree = BUILT_PRODUCTS_DIR; };
		7E2034CD8E1C0F4BFE656998 /* Pods-desafio-ios-matheus-frança.release.xcconfig */ = {isa = PBXFileReference; includeInIndex = 1; lastKnownFileType = text.xcconfig; name = "Pods-desafio-ios-matheus-frança.release.xcconfig"; path = "Target Support Files/Pods-desafio-ios-matheus-frança/Pods-desafio-ios-matheus-frança.release.xcconfig"; sourceTree = "<group>"; };
		C85152BAEF03AF9003CB5A6F /* Pods-desafio-ios-matheus-frança.debug.xcconfig */ = {isa = PBXFileReference; includeInIndex = 1; lastKnownFileType = text.xcconfig; name = "Pods-desafio-ios-matheus-frança.debug.xcconfig"; path = "Target Support Files/Pods-desafio-ios-matheus-frança/Pods-desafio-ios-matheus-frança.debug.xcconfig"; sourceTree = "<group>"; };
/* End PBXFileReference section */

/* Begin PBXFrameworksBuildPhase section */
		20EC3C8C249D585A00436BCA /* Frameworks */ = {
			isa = PBXFrameworksBuildPhase;
			buildActionMask = 2147483647;
			files = (
			);
			runOnlyForDeploymentPostprocessing = 0;
		};
/* End PBXFrameworksBuildPhase section */

/* Begin PBXGroup section */
		200BD5E224A26D96003500A0 /* CustomViews */ = {
			isa = PBXGroup;
			children = (
				200BD5E324A26DA7003500A0 /* Alert.swift */,
				200BD5E524A39F36003500A0 /* Loading.swift.swift */,
			);
			path = CustomViews;
			sourceTree = "<group>";
		};
		200BD5EA24A3F78F003500A0 /* Service */ = {
			isa = PBXGroup;
			children = (
				200BD5EB24A3F7A0003500A0 /* HeroesService.swift */,
			);
			path = Service;
			sourceTree = "<group>";
		};
		200BD5F124A41DC1003500A0 /* Network */ = {
			isa = PBXGroup;
			children = (
				200BD5F224A41E05003500A0 /* Endpoint.swift */,
			);
			path = Network;
			sourceTree = "<group>";
		};
		200BD5F824A5325F003500A0 /* Models */ = {
			isa = PBXGroup;
			children = (
				20EC3CCC24A1016800436BCA /* HeroesModel.swift */,
				200BD5E024A2651B003500A0 /* HeroHqModel.swift */,
			);
			path = Models;
			sourceTree = "<group>";
		};
		20EC3C86249D585A00436BCA = {
			isa = PBXGroup;
			children = (
				20EC3C91249D585A00436BCA /* desafio-ios-matheus-frança */,
				20EC3C90249D585A00436BCA /* Products */,
				CBE16C1B3D1D6CC87C2A20F6 /* Pods */,
				A932AE0DF0767A97E15CDBC1 /* Frameworks */,
			);
			sourceTree = "<group>";
		};
		20EC3C90249D585A00436BCA /* Products */ = {
			isa = PBXGroup;
			children = (
				20EC3C8F249D585A00436BCA /* desafio-ios-matheus-frança.app */,
			);
			name = Products;
			sourceTree = "<group>";
		};
		20EC3C91249D585A00436BCA /* desafio-ios-matheus-frança */ = {
			isa = PBXGroup;
			children = (
				20EC3CC924A1000400436BCA /* Data */,
				20EC3CBF249D643300436BCA /* Utils */,
				20EC3C92249D585A00436BCA /* AppDelegate.swift */,
				20EC3CA6249D588D00436BCA /* Views */,
				20EC3C9B249D585C00436BCA /* Assets.xcassets */,
				20EC3CA0249D585C00436BCA /* Info.plist */,
				20EC3CAF249D5F8D00436BCA /* Launch Screen.storyboard */,
			);
			path = "desafio-ios-matheus-frança";
			sourceTree = "<group>";
		};
		20EC3CA6249D588D00436BCA /* Views */ = {
			isa = PBXGroup;
			children = (
				20EC3CAA249D59E200436BCA /* HeroHq */,
				20EC3CA8249D58EF00436BCA /* HeroDetail */,
				20EC3CA7249D58A300436BCA /* Heroes */,
			);
			path = Views;
			sourceTree = "<group>";
		};
		20EC3CA7249D58A300436BCA /* Heroes */ = {
			isa = PBXGroup;
			children = (
				20EC3CC424A0F7FC00436BCA /* Cell */,
				20EC3CAB249D5ACD00436BCA /* HeroesViewController.swift */,
				20EC3CAC249D5ACD00436BCA /* HeroesViewController.xib */,
				20EC3CB1249D63F700436BCA /* HeroesViewModel.swift */,
			);
			path = Heroes;
			sourceTree = "<group>";
		};
		20EC3CA8249D58EF00436BCA /* HeroDetail */ = {
			isa = PBXGroup;
			children = (
				20EC3CBB249D642C00436BCA /* HeroDetailViewController.swift */,
				20EC3CBC249D642C00436BCA /* HeroDetailViewController.xib */,
			);
			path = HeroDetail;
			sourceTree = "<group>";
		};
		20EC3CAA249D59E200436BCA /* HeroHq */ = {
			isa = PBXGroup;
			children = (
				20EC3CB5249D641200436BCA /* HeroHqViewModel.swift */,
				20EC3CB7249D642000436BCA /* HeroHqViewController.swift */,
				20EC3CB8249D642000436BCA /* HeroHqViewController.xib */,
			);
			path = HeroHq;
			sourceTree = "<group>";
		};
		20EC3CBF249D643300436BCA /* Utils */ = {
			isa = PBXGroup;
			children = (
				200BD5E224A26D96003500A0 /* CustomViews */,
				20EC3CCB24A1003B00436BCA /* Extensions */,
				20EC3CC0249D648300436BCA /* Constants.swift */,
				20EC3CC224A0F22300436BCA /* AppCoordinator.swift */,
			);
			path = Utils;
			sourceTree = "<group>";
		};
		20EC3CC424A0F7FC00436BCA /* Cell */ = {
			isa = PBXGroup;
			children = (
				20EC3CC524A0F83000436BCA /* HeroesTableViewCell.swift */,
				20EC3CC624A0F83000436BCA /* HeroesTableViewCell.xib */,
			);
			path = Cell;
			sourceTree = "<group>";
		};
		20EC3CC924A1000400436BCA /* Data */ = {
			isa = PBXGroup;
			children = (
				200BD5F824A5325F003500A0 /* Models */,
				200BD5F124A41DC1003500A0 /* Network */,
				200BD5EA24A3F78F003500A0 /* Service */,
				20EC3CCA24A1000A00436BCA /* ResponseModel */,
			);
			path = Data;
			sourceTree = "<group>";
		};
		20EC3CCA24A1000A00436BCA /* ResponseModel */ = {
			isa = PBXGroup;
			children = (
				200BD5F624A53205003500A0 /* HeroesResponseModel.swift */,
			);
			path = ResponseModel;
			sourceTree = "<group>";
		};
		20EC3CCB24A1003B00436BCA /* Extensions */ = {
			isa = PBXGroup;
			children = (
				200BD5F424A424D3003500A0 /* MD5.swift */,
			);
			path = Extensions;
			sourceTree = "<group>";
		};
		A932AE0DF0767A97E15CDBC1 /* Frameworks */ = {
			isa = PBXGroup;
			children = (
				41577290A6D51D16DCBDD372 /* Pods_desafio_ios_matheus_franc_a.framework */,
			);
			name = Frameworks;
			sourceTree = "<group>";
		};
		CBE16C1B3D1D6CC87C2A20F6 /* Pods */ = {
			isa = PBXGroup;
			children = (
				C85152BAEF03AF9003CB5A6F /* Pods-desafio-ios-matheus-frança.debug.xcconfig */,
				7E2034CD8E1C0F4BFE656998 /* Pods-desafio-ios-matheus-frança.release.xcconfig */,
			);
			path = Pods;
			sourceTree = "<group>";
		};
/* End PBXGroup section */

/* Begin PBXNativeTarget section */
		20EC3C8E249D585A00436BCA /* desafio-ios-matheus-frança */ = {
			isa = PBXNativeTarget;
			buildConfigurationList = 20EC3CA3249D585C00436BCA /* Build configuration list for PBXNativeTarget "desafio-ios-matheus-frança" */;
			buildPhases = (
				02A23E1E76F3384F6857D1A8 /* [CP] Check Pods Manifest.lock */,
				20EC3C8B249D585A00436BCA /* Sources */,
				20EC3C8C249D585A00436BCA /* Frameworks */,
				20EC3C8D249D585A00436BCA /* Resources */,
				797CFEB8F4255E9667A20ED2 /* [CP] Embed Pods Frameworks */,
				20DE414424A11EB40037F151 /* ShellScript */,
			);
			buildRules = (
			);
			dependencies = (
			);
			name = "desafio-ios-matheus-frança";
			productName = "desafio-ios-matheus-frança";
			productReference = 20EC3C8F249D585A00436BCA /* desafio-ios-matheus-frança.app */;
			productType = "com.apple.product-type.application";
		};
/* End PBXNativeTarget section */

/* Begin PBXProject section */
		20EC3C87249D585A00436BCA /* Project object */ = {
			isa = PBXProject;
			attributes = {
				LastSwiftUpdateCheck = 1150;
				LastUpgradeCheck = 1150;
				ORGANIZATIONNAME = matheus.s.franca;
				TargetAttributes = {
					20EC3C8E249D585A00436BCA = {
						CreatedOnToolsVersion = 11.5;
					};
				};
			};
			buildConfigurationList = 20EC3C8A249D585A00436BCA /* Build configuration list for PBXProject "desafio-ios-matheus-frança" */;
			compatibilityVersion = "Xcode 9.3";
			developmentRegion = en;
			hasScannedForEncodings = 0;
			knownRegions = (
				en,
				Base,
			);
			mainGroup = 20EC3C86249D585A00436BCA;
			productRefGroup = 20EC3C90249D585A00436BCA /* Products */;
			projectDirPath = "";
			projectRoot = "";
			targets = (
				20EC3C8E249D585A00436BCA /* desafio-ios-matheus-frança */,
			);
		};
/* End PBXProject section */

/* Begin PBXResourcesBuildPhase section */
		20EC3C8D249D585A00436BCA /* Resources */ = {
			isa = PBXResourcesBuildPhase;
			buildActionMask = 2147483647;
			files = (
				20EC3CB0249D5F8D00436BCA /* Launch Screen.storyboard in Resources */,
				20EC3CC824A0F83000436BCA /* HeroesTableViewCell.xib in Resources */,
				20EC3CAE249D5ACD00436BCA /* HeroesViewController.xib in Resources */,
				20EC3CBE249D642C00436BCA /* HeroDetailViewController.xib in Resources */,
				20EC3C9C249D585C00436BCA /* Assets.xcassets in Resources */,
				20EC3CBA249D642000436BCA /* HeroHqViewController.xib in Resources */,
			);
			runOnlyForDeploymentPostprocessing = 0;
		};
/* End PBXResourcesBuildPhase section */

/* Begin PBXShellScriptBuildPhase section */
		02A23E1E76F3384F6857D1A8 /* [CP] Check Pods Manifest.lock */ = {
			isa = PBXShellScriptBuildPhase;
			buildActionMask = 2147483647;
			files = (
			);
			inputFileListPaths = (
			);
			inputPaths = (
				"${PODS_PODFILE_DIR_PATH}/Podfile.lock",
				"${PODS_ROOT}/Manifest.lock",
			);
			name = "[CP] Check Pods Manifest.lock";
			outputFileListPaths = (
			);
			outputPaths = (
				"$(DERIVED_FILE_DIR)/Pods-desafio-ios-matheus-frança-checkManifestLockResult.txt",
			);
			runOnlyForDeploymentPostprocessing = 0;
			shellPath = /bin/sh;
			shellScript = "diff \"${PODS_PODFILE_DIR_PATH}/Podfile.lock\" \"${PODS_ROOT}/Manifest.lock\" > /dev/null\nif [ $? != 0 ] ; then\n    # print error to STDERR\n    echo \"error: The sandbox is not in sync with the Podfile.lock. Run 'pod install' or update your CocoaPods installation.\" >&2\n    exit 1\nfi\n# This output is used by Xcode 'outputs' to avoid re-running this script phase.\necho \"SUCCESS\" > \"${SCRIPT_OUTPUT_FILE_0}\"\n";
			showEnvVarsInLog = 0;
		};
		20DE414424A11EB40037F151 /* ShellScript */ = {
			isa = PBXShellScriptBuildPhase;
			buildActionMask = 2147483647;
			files = (
			);
			inputFileListPaths = (
			);
			inputPaths = (
			);
			outputFileListPaths = (
			);
			outputPaths = (
			);
			runOnlyForDeploymentPostprocessing = 0;
			shellPath = /bin/sh;
			shellScript = "\"${PODS_ROOT}/SwiftLint/swiftlint\"\n";
		};
		797CFEB8F4255E9667A20ED2 /* [CP] Embed Pods Frameworks */ = {
			isa = PBXShellScriptBuildPhase;
			buildActionMask = 2147483647;
			files = (
			);
			inputFileListPaths = (
				"${PODS_ROOT}/Target Support Files/Pods-desafio-ios-matheus-frança/Pods-desafio-ios-matheus-frança-frameworks-${CONFIGURATION}-input-files.xcfilelist",
			);
			name = "[CP] Embed Pods Frameworks";
			outputFileListPaths = (
				"${PODS_ROOT}/Target Support Files/Pods-desafio-ios-matheus-frança/Pods-desafio-ios-matheus-frança-frameworks-${CONFIGURATION}-output-files.xcfilelist",
			);
			runOnlyForDeploymentPostprocessing = 0;
			shellPath = /bin/sh;
			shellScript = "\"${PODS_ROOT}/Target Support Files/Pods-desafio-ios-matheus-frança/Pods-desafio-ios-matheus-frança-frameworks.sh\"\n";
			showEnvVarsInLog = 0;
		};
/* End PBXShellScriptBuildPhase section */

/* Begin PBXSourcesBuildPhase section */
		20EC3C8B249D585A00436BCA /* Sources */ = {
			isa = PBXSourcesBuildPhase;
			buildActionMask = 2147483647;
			files = (
				20EC3CC724A0F83000436BCA /* HeroesTableViewCell.swift in Sources */,
				20EC3CCD24A1016800436BCA /* HeroesModel.swift in Sources */,
				20EC3CAD249D5ACD00436BCA /* HeroesViewController.swift in Sources */,
				200BD5EC24A3F7A0003500A0 /* HeroesService.swift in Sources */,
				200BD5F324A41E05003500A0 /* Endpoint.swift in Sources */,
				20EC3CBD249D642C00436BCA /* HeroDetailViewController.swift in Sources */,
				200BD5E424A26DA7003500A0 /* Alert.swift in Sources */,
				200BD5F724A53205003500A0 /* HeroesResponseModel.swift in Sources */,
				20EC3CB2249D63F700436BCA /* HeroesViewModel.swift in Sources */,
				20EC3CB9249D642000436BCA /* HeroHqViewController.swift in Sources */,
				20EC3C93249D585A00436BCA /* AppDelegate.swift in Sources */,
				200BD5F524A424D3003500A0 /* MD5.swift in Sources */,
				200BD5E124A2651B003500A0 /* HeroHqModel.swift in Sources */,
				20EC3CC324A0F22300436BCA /* AppCoordinator.swift in Sources */,
				200BD5E624A39F36003500A0 /* Loading.swift.swift in Sources */,
				20EC3CB6249D641200436BCA /* HeroHqViewModel.swift in Sources */,
				20EC3CC1249D648300436BCA /* Constants.swift in Sources */,
			);
			runOnlyForDeploymentPostprocessing = 0;
		};
/* End PBXSourcesBuildPhase section */

/* Begin XCBuildConfiguration section */
		20EC3CA1249D585C00436BCA /* Debug */ = {
			isa = XCBuildConfiguration;
			buildSettings = {
				ALWAYS_SEARCH_USER_PATHS = NO;
				CLANG_ANALYZER_NONNULL = YES;
				CLANG_ANALYZER_NUMBER_OBJECT_CONVERSION = YES_AGGRESSIVE;
				CLANG_CXX_LANGUAGE_STANDARD = "gnu++14";
				CLANG_CXX_LIBRARY = "libc++";
				CLANG_ENABLE_MODULES = YES;
				CLANG_ENABLE_OBJC_ARC = YES;
				CLANG_ENABLE_OBJC_WEAK = YES;
				CLANG_WARN_BLOCK_CAPTURE_AUTORELEASING = YES;
				CLANG_WARN_BOOL_CONVERSION = YES;
				CLANG_WARN_COMMA = YES;
				CLANG_WARN_CONSTANT_CONVERSION = YES;
				CLANG_WARN_DEPRECATED_OBJC_IMPLEMENTATIONS = YES;
				CLANG_WARN_DIRECT_OBJC_ISA_USAGE = YES_ERROR;
				CLANG_WARN_DOCUMENTATION_COMMENTS = YES;
				CLANG_WARN_EMPTY_BODY = YES;
				CLANG_WARN_ENUM_CONVERSION = YES;
				CLANG_WARN_INFINITE_RECURSION = YES;
				CLANG_WARN_INT_CONVERSION = YES;
				CLANG_WARN_NON_LITERAL_NULL_CONVERSION = YES;
				CLANG_WARN_OBJC_IMPLICIT_RETAIN_SELF = YES;
				CLANG_WARN_OBJC_LITERAL_CONVERSION = YES;
				CLANG_WARN_OBJC_ROOT_CLASS = YES_ERROR;
				CLANG_WARN_RANGE_LOOP_ANALYSIS = YES;
				CLANG_WARN_STRICT_PROTOTYPES = YES;
				CLANG_WARN_SUSPICIOUS_MOVE = YES;
				CLANG_WARN_UNGUARDED_AVAILABILITY = YES_AGGRESSIVE;
				CLANG_WARN_UNREACHABLE_CODE = YES;
				CLANG_WARN__DUPLICATE_METHOD_MATCH = YES;
				COPY_PHASE_STRIP = NO;
				DEBUG_INFORMATION_FORMAT = dwarf;
				ENABLE_STRICT_OBJC_MSGSEND = YES;
				ENABLE_TESTABILITY = YES;
				GCC_C_LANGUAGE_STANDARD = gnu11;
				GCC_DYNAMIC_NO_PIC = NO;
				GCC_NO_COMMON_BLOCKS = YES;
				GCC_OPTIMIZATION_LEVEL = 0;
				GCC_PREPROCESSOR_DEFINITIONS = (
					"DEBUG=1",
					"$(inherited)",
				);
				GCC_WARN_64_TO_32_BIT_CONVERSION = YES;
				GCC_WARN_ABOUT_RETURN_TYPE = YES_ERROR;
				GCC_WARN_UNDECLARED_SELECTOR = YES;
				GCC_WARN_UNINITIALIZED_AUTOS = YES_AGGRESSIVE;
				GCC_WARN_UNUSED_FUNCTION = YES;
				GCC_WARN_UNUSED_VARIABLE = YES;
				IPHONEOS_DEPLOYMENT_TARGET = 13.5;
				MTL_ENABLE_DEBUG_INFO = INCLUDE_SOURCE;
				MTL_FAST_MATH = YES;
				ONLY_ACTIVE_ARCH = YES;
				SDKROOT = iphoneos;
				SWIFT_ACTIVE_COMPILATION_CONDITIONS = DEBUG;
				SWIFT_OPTIMIZATION_LEVEL = "-Onone";
			};
			name = Debug;
		};
		20EC3CA2249D585C00436BCA /* Release */ = {
			isa = XCBuildConfiguration;
			buildSettings = {
				ALWAYS_SEARCH_USER_PATHS = NO;
				CLANG_ANALYZER_NONNULL = YES;
				CLANG_ANALYZER_NUMBER_OBJECT_CONVERSION = YES_AGGRESSIVE;
				CLANG_CXX_LANGUAGE_STANDARD = "gnu++14";
				CLANG_CXX_LIBRARY = "libc++";
				CLANG_ENABLE_MODULES = YES;
				CLANG_ENABLE_OBJC_ARC = YES;
				CLANG_ENABLE_OBJC_WEAK = YES;
				CLANG_WARN_BLOCK_CAPTURE_AUTORELEASING = YES;
				CLANG_WARN_BOOL_CONVERSION = YES;
				CLANG_WARN_COMMA = YES;
				CLANG_WARN_CONSTANT_CONVERSION = YES;
				CLANG_WARN_DEPRECATED_OBJC_IMPLEMENTATIONS = YES;
				CLANG_WARN_DIRECT_OBJC_ISA_USAGE = YES_ERROR;
				CLANG_WARN_DOCUMENTATION_COMMENTS = YES;
				CLANG_WARN_EMPTY_BODY = YES;
				CLANG_WARN_ENUM_CONVERSION = YES;
				CLANG_WARN_INFINITE_RECURSION = YES;
				CLANG_WARN_INT_CONVERSION = YES;
				CLANG_WARN_NON_LITERAL_NULL_CONVERSION = YES;
				CLANG_WARN_OBJC_IMPLICIT_RETAIN_SELF = YES;
				CLANG_WARN_OBJC_LITERAL_CONVERSION = YES;
				CLANG_WARN_OBJC_ROOT_CLASS = YES_ERROR;
				CLANG_WARN_RANGE_LOOP_ANALYSIS = YES;
				CLANG_WARN_STRICT_PROTOTYPES = YES;
				CLANG_WARN_SUSPICIOUS_MOVE = YES;
				CLANG_WARN_UNGUARDED_AVAILABILITY = YES_AGGRESSIVE;
				CLANG_WARN_UNREACHABLE_CODE = YES;
				CLANG_WARN__DUPLICATE_METHOD_MATCH = YES;
				COPY_PHASE_STRIP = NO;
				DEBUG_INFORMATION_FORMAT = "dwarf-with-dsym";
				ENABLE_NS_ASSERTIONS = NO;
				ENABLE_STRICT_OBJC_MSGSEND = YES;
				GCC_C_LANGUAGE_STANDARD = gnu11;
				GCC_NO_COMMON_BLOCKS = YES;
				GCC_WARN_64_TO_32_BIT_CONVERSION = YES;
				GCC_WARN_ABOUT_RETURN_TYPE = YES_ERROR;
				GCC_WARN_UNDECLARED_SELECTOR = YES;
				GCC_WARN_UNINITIALIZED_AUTOS = YES_AGGRESSIVE;
				GCC_WARN_UNUSED_FUNCTION = YES;
				GCC_WARN_UNUSED_VARIABLE = YES;
				IPHONEOS_DEPLOYMENT_TARGET = 13.5;
				MTL_ENABLE_DEBUG_INFO = NO;
				MTL_FAST_MATH = YES;
				SDKROOT = iphoneos;
				SWIFT_COMPILATION_MODE = wholemodule;
				SWIFT_OPTIMIZATION_LEVEL = "-O";
				VALIDATE_PRODUCT = YES;
			};
			name = Release;
		};
		20EC3CA4249D585C00436BCA /* Debug */ = {
			isa = XCBuildConfiguration;
			baseConfigurationReference = C85152BAEF03AF9003CB5A6F /* Pods-desafio-ios-matheus-frança.debug.xcconfig */;
			buildSettings = {
				ASSETCATALOG_COMPILER_APPICON_NAME = AppIcon;
				CODE_SIGN_STYLE = Automatic;
				DEVELOPMENT_TEAM = V326WATVRZ;
				INFOPLIST_FILE = "desafio-ios-matheus-frança/Info.plist";
				LD_RUNPATH_SEARCH_PATHS = (
					"$(inherited)",
					"@executable_path/Frameworks",
				);
				PRODUCT_BUNDLE_IDENTIFIER = "com.example.desafio-ios-matheus-franc-a";
				PRODUCT_NAME = "$(TARGET_NAME)";
				SWIFT_VERSION = 5.0;
				TARGETED_DEVICE_FAMILY = "1,2";
			};
			name = Debug;
		};
		20EC3CA5249D585C00436BCA /* Release */ = {
			isa = XCBuildConfiguration;
			baseConfigurationReference = 7E2034CD8E1C0F4BFE656998 /* Pods-desafio-ios-matheus-frança.release.xcconfig */;
			buildSettings = {
				ASSETCATALOG_COMPILER_APPICON_NAME = AppIcon;
				CODE_SIGN_STYLE = Automatic;
				DEVELOPMENT_TEAM = V326WATVRZ;
				INFOPLIST_FILE = "desafio-ios-matheus-frança/Info.plist";
				LD_RUNPATH_SEARCH_PATHS = (
					"$(inherited)",
					"@executable_path/Frameworks",
				);
				PRODUCT_BUNDLE_IDENTIFIER = "com.example.desafio-ios-matheus-franc-a";
				PRODUCT_NAME = "$(TARGET_NAME)";
				SWIFT_VERSION = 5.0;
				TARGETED_DEVICE_FAMILY = "1,2";
			};
			name = Release;
		};
/* End XCBuildConfiguration section */

/* Begin XCConfigurationList section */
		20EC3C8A249D585A00436BCA /* Build configuration list for PBXProject "desafio-ios-matheus-frança" */ = {
			isa = XCConfigurationList;
			buildConfigurations = (
				20EC3CA1249D585C00436BCA /* Debug */,
				20EC3CA2249D585C00436BCA /* Release */,
			);
			defaultConfigurationIsVisible = 0;
			defaultConfigurationName = Release;
		};
		20EC3CA3249D585C00436BCA /* Build configuration list for PBXNativeTarget "desafio-ios-matheus-frança" */ = {
			isa = XCConfigurationList;
			buildConfigurations = (
				20EC3CA4249D585C00436BCA /* Debug */,
				20EC3CA5249D585C00436BCA /* Release */,
			);
			defaultConfigurationIsVisible = 0;
			defaultConfigurationName = Release;
		};
/* End XCConfigurationList section */
	};
	rootObject = 20EC3C87249D585A00436BCA /* Project object */;
}
